
Microsoft Visual Studio Solution File, Format Version 12.00
# Visual Studio Version 17
VisualStudioVersion = 17.0.31903.59
MinimumVisualStudioVersion = 10.0.40219.1
Project("{2150E333-8FDC-42A3-9474-1A3956D46DE8}") = "src", "src", "{827E0CD3-B72D-47B6-A68D-7590B98EB39B}"
EndProject
Project("{FAE04EC0-301F-11D3-BF4B-00C04F79EFBC}") = "FOT.Pos.Shared", "src\FOT.Pos.Shared\FOT.Pos.Shared.csproj", "{853C0E3D-B392-4DBD-AAFD-E7884E269FF6}"
EndProject
Project("{FAE04EC0-301F-11D3-BF4B-00C04F79EFBC}") = "FOT.Pos.Domain", "src\FOT.Pos.Domain\FOT.Pos.Domain.csproj", "{22C1F219-7E3C-4F45-B040-CC7D63907685}"
EndProject
Project("{FAE04EC0-301F-11D3-BF4B-00C04F79EFBC}") = "FOT.Pos.Application", "src\FOT.Pos.Application\FOT.Pos.Application.csproj", "{8B5306D6-77C2-4D4B-8A48-AF72ECD3DD1F}"
EndProject
Project("{FAE04EC0-301F-11D3-BF4B-00C04F79EFBC}") = "FOT.Pos.Infrastructure", "src\FOT.Pos.Infrastructure\FOT.Pos.Infrastructure.csproj", "{D48E86D7-0653-4033-8503-9959283FA34F}"
EndProject
Project("{FAE04EC0-301F-11D3-BF4B-00C04F79EFBC}") = "FOT.Pos.Api", "src\FOT.Pos.Api\FOT.Pos.Api.csproj", "{FF5D9F62-7514-41BA-A336-0E0766F21383}"
EndProject
Project("{FAE04EC0-301F-11D3-BF4B-00C04F79EFBC}") = "FOT.Pos.Admin", "src\FOT.Pos.Admin\FOT.Pos.Admin.csproj", "{78F692E8-F69A-46F4-8E28-9399ABA16BAB}"
EndProject
Project("{FAE04EC0-301F-11D3-BF4B-00C04F79EFBC}") = "FOT.Pos.Client", "src\FOT.Pos.Client\FOT.Pos.Client.csproj", "{B7EC3FA4-723F-4E84-82C0-DE8514D64E2B}"
EndProject
Project("{FAE04EC0-301F-11D3-BF4B-00C04F79EFBC}") = "FOT.Pos.ServerHost", "src\FOT.Pos.ServerHost\FOT.Pos.ServerHost.csproj", "{4EEFB105-3778-46CF-A963-82309D9AF099}"
EndProject
Global
	GlobalSection(SolutionConfigurationPlatforms) = preSolution
		Debug|Any CPU = Debug|Any CPU
		Debug|x64 = Debug|x64
		Debug|x86 = Debug|x86
		Release|Any CPU = Release|Any CPU
		Release|x64 = Release|x64
		Release|x86 = Release|x86
	EndGlobalSection
	GlobalSection(ProjectConfigurationPlatforms) = postSolution
		{853C0E3D-B392-4DBD-AAFD-E7884E269FF6}.Debug|Any CPU.ActiveCfg = Debug|Any CPU
		{853C0E3D-B392-4DBD-AAFD-E7884E269FF6}.Debug|Any CPU.Build.0 = Debug|Any CPU
		{853C0E3D-B392-4DBD-AAFD-E7884E269FF6}.Debug|x64.ActiveCfg = Debug|Any CPU
		{853C0E3D-B392-4DBD-AAFD-E7884E269FF6}.Debug|x64.Build.0 = Debug|Any CPU
		{853C0E3D-B392-4DBD-AAFD-E7884E269FF6}.Debug|x86.ActiveCfg = Debug|Any CPU
		{853C0E3D-B392-4DBD-AAFD-E7884E269FF6}.Debug|x86.Build.0 = Debug|Any CPU
		{853C0E3D-B392-4DBD-AAFD-E7884E269FF6}.Release|Any CPU.ActiveCfg = Release|Any CPU
		{853C0E3D-B392-4DBD-AAFD-E7884E269FF6}.Release|Any CPU.Build.0 = Release|Any CPU
		{853C0E3D-B392-4DBD-AAFD-E7884E269FF6}.Release|x64.ActiveCfg = Release|Any CPU
		{853C0E3D-B392-4DBD-AAFD-E7884E269FF6}.Release|x64.Build.0 = Release|Any CPU
		{853C0E3D-B392-4DBD-AAFD-E7884E269FF6}.Release|x86.ActiveCfg = Release|Any CPU
		{853C0E3D-B392-4DBD-AAFD-E7884E269FF6}.Release|x86.Build.0 = Release|Any CPU
		{22C1F219-7E3C-4F45-B040-CC7D63907685}.Debug|Any CPU.ActiveCfg = Debug|Any CPU
		{22C1F219-7E3C-4F45-B040-CC7D63907685}.Debug|Any CPU.Build.0 = Debug|Any CPU
		{22C1F219-7E3C-4F45-B040-CC7D63907685}.Debug|x64.ActiveCfg = Debug|Any CPU
		{22C1F219-7E3C-4F45-B040-CC7D63907685}.Debug|x64.Build.0 = Debug|Any CPU
		{22C1F219-7E3C-4F45-B040-CC7D63907685}.Debug|x86.ActiveCfg = Debug|Any CPU
		{22C1F219-7E3C-4F45-B040-CC7D63907685}.Debug|x86.Build.0 = Debug|Any CPU
		{22C1F219-7E3C-4F45-B040-CC7D63907685}.Release|Any CPU.ActiveCfg = Release|Any CPU
		{22C1F219-7E3C-4F45-B040-CC7D63907685}.Release|Any CPU.Build.0 = Release|Any CPU
		{22C1F219-7E3C-4F45-B040-CC7D63907685}.Release|x64.ActiveCfg = Release|Any CPU
		{22C1F219-7E3C-4F45-B040-CC7D63907685}.Release|x64.Build.0 = Release|Any CPU
		{22C1F219-7E3C-4F45-B040-CC7D63907685}.Release|x86.ActiveCfg = Release|Any CPU
		{22C1F219-7E3C-4F45-B040-CC7D63907685}.Release|x86.Build.0 = Release|Any CPU
		{8B5306D6-77C2-4D4B-8A48-AF72ECD3DD1F}.Debug|Any CPU.ActiveCfg = Debug|Any CPU
		{8B5306D6-77C2-4D4B-8A48-AF72ECD3DD1F}.Debug|Any CPU.Build.0 = Debug|Any CPU
		{8B5306D6-77C2-4D4B-8A48-AF72ECD3DD1F}.Debug|x64.ActiveCfg = Debug|Any CPU
		{8B5306D6-77C2-4D4B-8A48-AF72ECD3DD1F}.Debug|x64.Build.0 = Debug|Any CPU
		{8B5306D6-77C2-4D4B-8A48-AF72ECD3DD1F}.Debug|x86.ActiveCfg = Debug|Any CPU
		{8B5306D6-77C2-4D4B-8A48-AF72ECD3DD1F}.Debug|x86.Build.0 = Debug|Any CPU
		{8B5306D6-77C2-4D4B-8A48-AF72ECD3DD1F}.Release|Any CPU.ActiveCfg = Release|Any CPU
		{8B5306D6-77C2-4D4B-8A48-AF72ECD3DD1F}.Release|Any CPU.Build.0 = Release|Any CPU
		{8B5306D6-77C2-4D4B-8A48-AF72ECD3DD1F}.Release|x64.ActiveCfg = Release|Any CPU
		{8B5306D6-77C2-4D4B-8A48-AF72ECD3DD1F}.Release|x64.Build.0 = Release|Any CPU
		{8B5306D6-77C2-4D4B-8A48-AF72ECD3DD1F}.Release|x86.ActiveCfg = Release|Any CPU
		{8B5306D6-77C2-4D4B-8A48-AF72ECD3DD1F}.Release|x86.Build.0 = Release|Any CPU
		{D48E86D7-0653-4033-8503-9959283FA34F}.Debug|Any CPU.ActiveCfg = Debug|Any CPU
		{D48E86D7-0653-4033-8503-9959283FA34F}.Debug|Any CPU.Build.0 = Debug|Any CPU
		{D48E86D7-0653-4033-8503-9959283FA34F}.Debug|x64.ActiveCfg = Debug|Any CPU
		{D48E86D7-0653-4033-8503-9959283FA34F}.Debug|x64.Build.0 = Debug|Any CPU
		{D48E86D7-0653-4033-8503-9959283FA34F}.Debug|x86.ActiveCfg = Debug|Any CPU
		{D48E86D7-0653-4033-8503-9959283FA34F}.Debug|x86.Build.0 = Debug|Any CPU
		{D48E86D7-0653-4033-8503-9959283FA34F}.Release|Any CPU.ActiveCfg = Release|Any CPU
		{D48E86D7-0653-4033-8503-9959283FA34F}.Release|Any CPU.Build.0 = Release|Any CPU
		{D48E86D7-0653-4033-8503-9959283FA34F}.Release|x64.ActiveCfg = Release|Any CPU
		{D48E86D7-0653-4033-8503-9959283FA34F}.Release|x64.Build.0 = Release|Any CPU
		{D48E86D7-0653-4033-8503-9959283FA34F}.Release|x86.ActiveCfg = Release|Any CPU
		{D48E86D7-0653-4033-8503-9959283FA34F}.Release|x86.Build.0 = Release|Any CPU
		{FF5D9F62-7514-41BA-A336-0E0766F21383}.Debug|Any CPU.ActiveCfg = Debug|Any CPU
		{FF5D9F62-7514-41BA-A336-0E0766F21383}.Debug|Any CPU.Build.0 = Debug|Any CPU
		{FF5D9F62-7514-41BA-A336-0E0766F21383}.Debug|x64.ActiveCfg = Debug|Any CPU
		{FF5D9F62-7514-41BA-A336-0E0766F21383}.Debug|x64.Build.0 = Debug|Any CPU
		{FF5D9F62-7514-41BA-A336-0E0766F21383}.Debug|x86.ActiveCfg = Debug|Any CPU
		{FF5D9F62-7514-41BA-A336-0E0766F21383}.Debug|x86.Build.0 = Debug|Any CPU
		{FF5D9F62-7514-41BA-A336-0E0766F21383}.Release|Any CPU.ActiveCfg = Release|Any CPU
		{FF5D9F62-7514-41BA-A336-0E0766F21383}.Release|Any CPU.Build.0 = Release|Any CPU
		{FF5D9F62-7514-41BA-A336-0E0766F21383}.Release|x64.ActiveCfg = Release|Any CPU
		{FF5D9F62-7514-41BA-A336-0E0766F21383}.Release|x64.Build.0 = Release|Any CPU
		{FF5D9F62-7514-41BA-A336-0E0766F21383}.Release|x86.ActiveCfg = Release|Any CPU
		{FF5D9F62-7514-41BA-A336-0E0766F21383}.Release|x86.Build.0 = Release|Any CPU
		{78F692E8-F69A-46F4-8E28-9399ABA16BAB}.Debug|Any CPU.ActiveCfg = Debug|Any CPU
		{78F692E8-F69A-46F4-8E28-9399ABA16BAB}.Debug|Any CPU.Build.0 = Debug|Any CPU
		{78F692E8-F69A-46F4-8E28-9399ABA16BAB}.Debug|x64.ActiveCfg = Debug|Any CPU
		{78F692E8-F69A-46F4-8E28-9399ABA16BAB}.Debug|x64.Build.0 = Debug|Any CPU
		{78F692E8-F69A-46F4-8E28-9399ABA16BAB}.Debug|x86.ActiveCfg = Debug|Any CPU
		{78F692E8-F69A-46F4-8E28-9399ABA16BAB}.Debug|x86.Build.0 = Debug|Any CPU
		{78F692E8-F69A-46F4-8E28-9399ABA16BAB}.Release|Any CPU.ActiveCfg = Release|Any CPU
		{78F692E8-F69A-46F4-8E28-9399ABA16BAB}.Release|Any CPU.Build.0 = Release|Any CPU
		{78F692E8-F69A-46F4-8E28-9399ABA16BAB}.Release|x64.ActiveCfg = Release|Any CPU
		{78F692E8-F69A-46F4-8E28-9399ABA16BAB}.Release|x64.Build.0 = Release|Any CPU
		{78F692E8-F69A-46F4-8E28-9399ABA16BAB}.Release|x86.ActiveCfg = Release|Any CPU
		{78F692E8-F69A-46F4-8E28-9399ABA16BAB}.Release|x86.Build.0 = Release|Any CPU
		{B7EC3FA4-723F-4E84-82C0-DE8514D64E2B}.Debug|Any CPU.ActiveCfg = Debug|Any CPU
		{B7EC3FA4-723F-4E84-82C0-DE8514D64E2B}.Debug|Any CPU.Build.0 = Debug|Any CPU
		{B7EC3FA4-723F-4E84-82C0-DE8514D64E2B}.Debug|x64.ActiveCfg = Debug|Any CPU
		{B7EC3FA4-723F-4E84-82C0-DE8514D64E2B}.Debug|x64.Build.0 = Debug|Any CPU
		{B7EC3FA4-723F-4E84-82C0-DE8514D64E2B}.Debug|x86.ActiveCfg = Debug|Any CPU
		{B7EC3FA4-723F-4E84-82C0-DE8514D64E2B}.Debug|x86.Build.0 = Debug|Any CPU
		{B7EC3FA4-723F-4E84-82C0-DE8514D64E2B}.Release|Any CPU.ActiveCfg = Release|Any CPU
		{B7EC3FA4-723F-4E84-82C0-DE8514D64E2B}.Release|Any CPU.Build.0 = Release|Any CPU
		{B7EC3FA4-723F-4E84-82C0-DE8514D64E2B}.Release|x64.ActiveCfg = Release|Any CPU
		{B7EC3FA4-723F-4E84-82C0-DE8514D64E2B}.Release|x64.Build.0 = Release|Any CPU
		{B7EC3FA4-723F-4E84-82C0-DE8514D64E2B}.Release|x86.ActiveCfg = Release|Any CPU
		{B7EC3FA4-723F-4E84-82C0-DE8514D64E2B}.Release|x86.Build.0 = Release|Any CPU
		{4EEFB105-3778-46CF-A963-82309D9AF099}.Debug|Any CPU.ActiveCfg = Debug|Any CPU
		{4EEFB105-3778-46CF-A963-82309D9AF099}.Debug|Any CPU.Build.0 = Debug|Any CPU
		{4EEFB105-3778-46CF-A963-82309D9AF099}.Debug|x64.ActiveCfg = Debug|Any CPU
		{4EEFB105-3778-46CF-A963-82309D9AF099}.Debug|x64.Build.0 = Debug|Any CPU
		{4EEFB105-3778-46CF-A963-82309D9AF099}.Debug|x86.ActiveCfg = Debug|Any CPU
		{4EEFB105-3778-46CF-A963-82309D9AF099}.Debug|x86.Build.0 = Debug|Any CPU
		{4EEFB105-3778-46CF-A963-82309D9AF099}.Release|Any CPU.ActiveCfg = Release|Any CPU
		{4EEFB105-3778-46CF-A963-82309D9AF099}.Release|Any CPU.Build.0 = Release|Any CPU
		{4EEFB105-3778-46CF-A963-82309D9AF099}.Release|x64.ActiveCfg = Release|Any CPU
		{4EEFB105-3778-46CF-A963-82309D9AF099}.Release|x64.Build.0 = Release|Any CPU
		{4EEFB105-3778-46CF-A963-82309D9AF099}.Release|x86.ActiveCfg = Release|Any CPU
		{4EEFB105-3778-46CF-A963-82309D9AF099}.Release|x86.Build.0 = Release|Any CPU
	EndGlobalSection
	GlobalSection(SolutionProperties) = preSolution
		HideSolutionNode = FALSE
	EndGlobalSection
	GlobalSection(NestedProjects) = preSolution
		{853C0E3D-B392-4DBD-AAFD-E7884E269FF6} = {827E0CD3-B72D-47B6-A68D-7590B98EB39B}
		{22C1F219-7E3C-4F45-B040-CC7D63907685} = {827E0CD3-B72D-47B6-A68D-7590B98EB39B}
		{8B5306D6-77C2-4D4B-8A48-AF72ECD3DD1F} = {827E0CD3-B72D-47B6-A68D-7590B98EB39B}
		{D48E86D7-0653-4033-8503-9959283FA34F} = {827E0CD3-B72D-47B6-A68D-7590B98EB39B}
		{FF5D9F62-7514-41BA-A336-0E0766F21383} = {827E0CD3-B72D-47B6-A68D-7590B98EB39B}
		{78F692E8-F69A-46F4-8E28-9399ABA16BAB} = {827E0CD3-B72D-47B6-A68D-7590B98EB39B}
		{B7EC3FA4-723F-4E84-82C0-DE8514D64E2B} = {827E0CD3-B72D-47B6-A68D-7590B98EB39B}
		{4EEFB105-3778-46CF-A963-82309D9AF099} = {827E0CD3-B72D-47B6-A68D-7590B98EB39B}
	EndGlobalSection
EndGlobal
